
Microsoft Visual Studio Solution File, Format Version 12.00
# Visual Studio Version 17
VisualStudioVersion = 17.1.32328.378
MinimumVisualStudioVersion = 10.0.40219.1
Project("{54A90642-561A-4BB1-A94E-469ADEE60C69}") = "Finonex", "Finonex\Finonex.esproj", "{8A27B962-632A-4C91-8E3F-0C08D83C1FD5}"
EndProject
Project("{FAE04EC0-301F-11D3-BF4B-00C04F79EFBC}") = "FinonexApi", "FinonexApi\FinonexApi.csproj", "{248BF5F2-7A2E-4882-90FE-FACCF164A13D}"
EndProject
Global
	GlobalSection(SolutionConfigurationPlatforms) = preSolution
		Debug|Any CPU = Debug|Any CPU
		Release|Any CPU = Release|Any CPU
	EndGlobalSection
	GlobalSection(ProjectConfigurationPlatforms) = postSolution
		{8A27B962-632A-4C91-8E3F-0C08D83C1FD5}.Debug|Any CPU.ActiveCfg = Debug|Any CPU
		{8A27B962-632A-4C91-8E3F-0C08D83C1FD5}.Debug|Any CPU.Build.0 = Debug|Any CPU
		{8A27B962-632A-4C91-8E3F-0C08D83C1FD5}.Debug|Any CPU.Deploy.0 = Debug|Any CPU
		{8A27B962-632A-4C91-8E3F-0C08D83C1FD5}.Release|Any CPU.ActiveCfg = Release|Any CPU
		{8A27B962-632A-4C91-8E3F-0C08D83C1FD5}.Release|Any CPU.Build.0 = Release|Any CPU
		{8A27B962-632A-4C91-8E3F-0C08D83C1FD5}.Release|Any CPU.Deploy.0 = Release|Any CPU
		{248BF5F2-7A2E-4882-90FE-FACCF164A13D}.Debug|Any CPU.ActiveCfg = Debug|Any CPU
		{248BF5F2-7A2E-4882-90FE-FACCF164A13D}.Debug|Any CPU.Build.0 = Debug|Any CPU
		{248BF5F2-7A2E-4882-90FE-FACCF164A13D}.Release|Any CPU.ActiveCfg = Release|Any CPU
		{248BF5F2-7A2E-4882-90FE-FACCF164A13D}.Release|Any CPU.Build.0 = Release|Any CPU
	EndGlobalSection
	GlobalSection(SolutionProperties) = preSolution
		HideSolutionNode = FALSE
	EndGlobalSection
	GlobalSection(ExtensibilityGlobals) = postSolution
		SolutionGuid = {511D7EDD-FB63-48F7-BF73-263B781518FE}
	EndGlobalSection
EndGlobal
